
Microsoft Visual Studio Solution File, Format Version 12.00
# Visual Studio 2013
Project("{FAE04EC0-301F-11D3-BF4B-00C04F79EFBC}") = "Line-Follow.CSharp", "Line-Follow.CSharp.csproj", "{F61B172A-FEF4-3CD7-B7EE-119077B358E6}"
EndProject
Global
	GlobalSection(SolutionConfigurationPlatforms) = preSolution
		Debug|Any CPU = Debug|Any CPU
		Release|Any CPU = Release|Any CPU
	EndGlobalSection
	GlobalSection(ProjectConfigurationPlatforms) = postSolution
		{F61B172A-FEF4-3CD7-B7EE-119077B358E6}.Debug|Any CPU.ActiveCfg = Debug|Any CPU
		{F61B172A-FEF4-3CD7-B7EE-119077B358E6}.Debug|Any CPU.Build.0 = Debug|Any CPU
		{F61B172A-FEF4-3CD7-B7EE-119077B358E6}.Release|Any CPU.ActiveCfg = Release|Any CPU
		{F61B172A-FEF4-3CD7-B7EE-119077B358E6}.Release|Any CPU.Build.0 = Release|Any CPU
	EndGlobalSection
	GlobalSection(SolutionProperties) = preSolution
		HideSolutionNode = FALSE
	EndGlobalSection
EndGlobal
